# THIS IS AN AUTOGENERATED FILE. DO NOT EDIT THIS FILE DIRECTLY.
# yarn lockfile v1


daggy@^1.5.0:
  version "1.5.0"
  resolved "https://registry.yarnpkg.com/daggy/-/daggy-1.5.0.tgz#82d9818a614e018a7ebb68f53a10970493293ee8"
  integrity sha512-BQMsnneUmsqvPth/o+Cv9JPhQwjR0aqzDckMxH0tAdupsdFkePKVFFvhoB7HDtMnOJDxA/U4994MV/bNSJ28gw==
  dependencies:
    sanctuary-show "2.0.0"
    sanctuary-type-identifiers "1.0.0"

folktale@2.3.2:
  version "2.3.2"
  resolved "https://registry.yarnpkg.com/folktale/-/folktale-2.3.2.tgz#38231b039e5ef36989920cbf805bf6b227bf4fd4"
  integrity sha512-+8GbtQBwEqutP0v3uajDDoN64K2ehmHd0cjlghhxh0WpcfPzAIjPA03e1VvHlxL02FVGR0A6lwXsNQKn3H1RNQ==

rambda@^7.1.4:
  version "7.1.4"
  resolved "https://registry.yarnpkg.com/rambda/-/rambda-7.1.4.tgz#7faa9665a54c5d81773975532a942b3113bb4a56"
  integrity sha512-bPK8sSiVHIC7CqdWga8R+hRi5hfc4hK6S01lZW4KrLwSNryQoKaCOJA9GNiF20J7Nbe1vejRfR37/ASQXFL5EA==

sanctuary-show@2.0.0:
  version "2.0.0"
  resolved "https://registry.yarnpkg.com/sanctuary-show/-/sanctuary-show-2.0.0.tgz#2326b4744f4b0f993f18ca56a29f68a50f514637"
  integrity sha512-REj4ZiioUXnDLj6EpJ9HcYDIEGaEexmB9Fg5o6InZR9f0x5PfnnC21QeU9SZ9E7G8zXSZPNjy8VRUK4safbesw==

sanctuary-type-identifiers@1.0.0:
  version "1.0.0"
  resolved "https://registry.yarnpkg.com/sanctuary-type-identifiers/-/sanctuary-type-identifiers-1.0.0.tgz#e8f359f006cb5e624cfb8464603fc114608bde9f"
  integrity sha512-isURCCJ6OxsDyqd4W8pmxlccF6GleWuCY8jOaUneRUa8V1LFDlBSLEBPtIzwcQiVe2uxy5KJObEDOMwSgUL8yA==
